// !$*UTF8*$!
{
	archiveVersion = 1;
	classes = {
	};
	objectVersion = 48;
	objects = {

/* Begin PBXBuildFile section */
		792FD43A2091D17A00DC1462 /* AppDelegate.m in Sources */ = {isa = PBXBuildFile; fileRef = 792FD4392091D17A00DC1462 /* AppDelegate.m */; };
		792FD43D2091D17A00DC1462 /* ViewController.m in Sources */ = {isa = PBXBuildFile; fileRef = 792FD43C2091D17A00DC1462 /* ViewController.m */; };
		792FD4402091D17A00DC1462 /* Main.storyboard in Resources */ = {isa = PBXBuildFile; fileRef = 792FD43E2091D17A00DC1462 /* Main.storyboard */; };
		792FD4422091D17A00DC1462 /* Assets.xcassets in Resources */ = {isa = PBXBuildFile; fileRef = 792FD4412091D17A00DC1462 /* Assets.xcassets */; };
		792FD4452091D17A00DC1462 /* LaunchScreen.storyboard in Resources */ = {isa = PBXBuildFile; fileRef = 792FD4432091D17A00DC1462 /* LaunchScreen.storyboard */; };
		792FD4482091D17A00DC1462 /* main.m in Sources */ = {isa = PBXBuildFile; fileRef = 792FD4472091D17A00DC1462 /* main.m */; };
		792FD4522091D17A00DC1462 /* WebServiceSDKPart2Tests.m in Sources */ = {isa = PBXBuildFile; fileRef = 792FD4512091D17A00DC1462 /* WebServiceSDKPart2Tests.m */; };
/* End PBXBuildFile section */

/* Begin PBXContainerItemProxy section */
		792FD44E2091D17A00DC1462 /* PBXContainerItemProxy */ = {
			isa = PBXContainerItemProxy;
			containerPortal = 792FD42D2091D17A00DC1462 /* Project object */;
			proxyType = 1;
			remoteGlobalIDString = 792FD4342091D17A00DC1462;
			remoteInfo = WebServiceSDKPart2;
		};
/* End PBXContainerItemProxy section */

/* Begin PBXFileReference section */
		792FD4352091D17A00DC1462 /* WebServiceSDKPart2.app */ = {isa = PBXFileReference; explicitFileType = wrapper.application; includeInIndex = 0; path = WebServiceSDKPart2.app; sourceTree = BUILT_PRODUCTS_DIR; };
		792FD4382091D17A00DC1462 /* AppDelegate.h */ = {isa = PBXFileReference; lastKnownFileType = sourcecode.c.h; path = AppDelegate.h; sourceTree = "<group>"; };
		792FD4392091D17A00DC1462 /* AppDelegate.m */ = {isa = PBXFileReference; lastKnownFileType = sourcecode.c.objc; path = AppDelegate.m; sourceTree = "<group>"; };
		792FD43B2091D17A00DC1462 /* ViewController.h */ = {isa = PBXFileReference; lastKnownFileType = sourcecode.c.h; path = ViewController.h; sourceTree = "<group>"; };
		792FD43C2091D17A00DC1462 /* ViewController.m */ = {isa = PBXFileReference; lastKnownFileType = sourcecode.c.objc; path = ViewController.m; sourceTree = "<group>"; };
		792FD43F2091D17A00DC1462 /* Base */ = {isa = PBXFileReference; lastKnownFileType = file.storyboard; name = Base; path = Base.lproj/Main.storyboard; sourceTree = "<group>"; };
		792FD4412091D17A00DC1462 /* Assets.xcassets */ = {isa = PBXFileReference; lastKnownFileType = folder.assetcatalog; path = Assets.xcassets; sourceTree = "<group>"; };
		792FD4442091D17A00DC1462 /* Base */ = {isa = PBXFileReference; lastKnownFileType = file.storyboard; name = Base; path = Base.lproj/LaunchScreen.storyboard; sourceTree = "<group>"; };
		792FD4462091D17A00DC1462 /* Info.plist */ = {isa = PBXFileReference; lastKnownFileType = text.plist.xml; path = Info.plist; sourceTree = "<group>"; };
		792FD4472091D17A00DC1462 /* main.m */ = {isa = PBXFileReference; lastKnownFileType = sourcecode.c.objc; path = main.m; sourceTree = "<group>"; };
		792FD44D2091D17A00DC1462 /* WebServiceSDKPart2Tests.xctest */ = {isa = PBXFileReference; explicitFileType = wrapper.cfbundle; includeInIndex = 0; path = WebServiceSDKPart2Tests.xctest; sourceTree = BUILT_PRODUCTS_DIR; };
		792FD4512091D17A00DC1462 /* WebServiceSDKPart2Tests.m */ = {isa = PBXFileReference; lastKnownFileType = sourcecode.c.objc; path = WebServiceSDKPart2Tests.m; sourceTree = "<group>"; };
		792FD4532091D17A00DC1462 /* Info.plist */ = {isa = PBXFileReference; lastKnownFileType = text.plist.xml; path = Info.plist; sourceTree = "<group>"; };
/* End PBXFileReference section */

/* Begin PBXFrameworksBuildPhase section */
		792FD4322091D17A00DC1462 /* Frameworks */ = {
			isa = PBXFrameworksBuildPhase;
			buildActionMask = 2147483647;
			files = (
			);
			runOnlyForDeploymentPostprocessing = 0;
		};
		792FD44A2091D17A00DC1462 /* Frameworks */ = {
			isa = PBXFrameworksBuildPhase;
			buildActionMask = 2147483647;
			files = (
			);
			runOnlyForDeploymentPostprocessing = 0;
		};
/* End PBXFrameworksBuildPhase section */

/* Begin PBXGroup section */
		792FD42C2091D17A00DC1462 = {
			isa = PBXGroup;
			children = (
				792FD4372091D17A00DC1462 /* WebServiceSDKPart2 */,
				792FD4502091D17A00DC1462 /* WebServiceSDKPart2Tests */,
				792FD4362091D17A00DC1462 /* Products */,
			);
			sourceTree = "<group>";
		};
		792FD4362091D17A00DC1462 /* Products */ = {
			isa = PBXGroup;
			children = (
				792FD4352091D17A00DC1462 /* WebServiceSDKPart2.app */,
				792FD44D2091D17A00DC1462 /* WebServiceSDKPart2Tests.xctest */,
			);
			name = Products;
			sourceTree = "<group>";
		};
		792FD4372091D17A00DC1462 /* WebServiceSDKPart2 */ = {
			isa = PBXGroup;
			children = (
				792FD4382091D17A00DC1462 /* AppDelegate.h */,
				792FD4392091D17A00DC1462 /* AppDelegate.m */,
				792FD43B2091D17A00DC1462 /* ViewController.h */,
				792FD43C2091D17A00DC1462 /* ViewController.m */,
				792FD43E2091D17A00DC1462 /* Main.storyboard */,
				792FD4412091D17A00DC1462 /* Assets.xcassets */,
				792FD4432091D17A00DC1462 /* LaunchScreen.storyboard */,
				792FD4462091D17A00DC1462 /* Info.plist */,
				792FD4472091D17A00DC1462 /* main.m */,
			);
			path = WebServiceSDKPart2;
			sourceTree = "<group>";
		};
		792FD4502091D17A00DC1462 /* WebServiceSDKPart2Tests */ = {
			isa = PBXGroup;
			children = (
				792FD4512091D17A00DC1462 /* WebServiceSDKPart2Tests.m */,
				792FD4532091D17A00DC1462 /* Info.plist */,
			);
			path = WebServiceSDKPart2Tests;
			sourceTree = "<group>";
		};
/* End PBXGroup section */

/* Begin PBXNativeTarget section */
		792FD4342091D17A00DC1462 /* WebServiceSDKPart2 */ = {
			isa = PBXNativeTarget;
			buildConfigurationList = 792FD4562091D17A00DC1462 /* Build configuration list for PBXNativeTarget "WebServiceSDKPart2" */;
			buildPhases = (
				792FD4312091D17A00DC1462 /* Sources */,
				792FD4322091D17A00DC1462 /* Frameworks */,
				792FD4332091D17A00DC1462 /* Resources */,
			);
			buildRules = (
			);
			dependencies = (
			);
			name = WebServiceSDKPart2;
			productName = WebServiceSDKPart2;
			productReference = 792FD4352091D17A00DC1462 /* WebServiceSDKPart2.app */;
			productType = "com.apple.product-type.application";
		};
		792FD44C2091D17A00DC1462 /* WebServiceSDKPart2Tests */ = {
			isa = PBXNativeTarget;
			buildConfigurationList = 792FD4592091D17A00DC1462 /* Build configuration list for PBXNativeTarget "WebServiceSDKPart2Tests" */;
			buildPhases = (
				792FD4492091D17A00DC1462 /* Sources */,
				792FD44A2091D17A00DC1462 /* Frameworks */,
				792FD44B2091D17A00DC1462 /* Resources */,
			);
			buildRules = (
			);
			dependencies = (
				792FD44F2091D17A00DC1462 /* PBXTargetDependency */,
			);
			name = WebServiceSDKPart2Tests;
			productName = WebServiceSDKPart2Tests;
			productReference = 792FD44D2091D17A00DC1462 /* WebServiceSDKPart2Tests.xctest */;
			productType = "com.apple.product-type.bundle.unit-test";
		};
/* End PBXNativeTarget section */

/* Begin PBXProject section */
		792FD42D2091D17A00DC1462 /* Project object */ = {
			isa = PBXProject;
			attributes = {
				LastUpgradeCheck = 0920;
				ORGANIZATIONNAME = "Ada Kao";
				TargetAttributes = {
					792FD4342091D17A00DC1462 = {
						CreatedOnToolsVersion = 9.2;
						ProvisioningStyle = Automatic;
					};
					792FD44C2091D17A00DC1462 = {
						CreatedOnToolsVersion = 9.2;
						ProvisioningStyle = Automatic;
						TestTargetID = 792FD4342091D17A00DC1462;
					};
				};
			};
			buildConfigurationList = 792FD4302091D17A00DC1462 /* Build configuration list for PBXProject "WebServiceSDKPart2" */;
			compatibilityVersion = "Xcode 8.0";
			developmentRegion = en;
			hasScannedForEncodings = 0;
			knownRegions = (
				en,
				Base,
			);
			mainGroup = 792FD42C2091D17A00DC1462;
			productRefGroup = 792FD4362091D17A00DC1462 /* Products */;
			projectDirPath = "";
			projectRoot = "";
			targets = (
				792FD4342091D17A00DC1462 /* WebServiceSDKPart2 */,
				792FD44C2091D17A00DC1462 /* WebServiceSDKPart2Tests */,
			);
		};
/* End PBXProject section */

/* Begin PBXResourcesBuildPhase section */
		792FD4332091D17A00DC1462 /* Resources */ = {
			isa = PBXResourcesBuildPhase;
			buildActionMask = 2147483647;
			files = (
				792FD4452091D17A00DC1462 /* LaunchScreen.storyboard in Resources */,
				792FD4422091D17A00DC1462 /* Assets.xcassets in Resources */,
				792FD4402091D17A00DC1462 /* Main.storyboard in Resources */,
			);
			runOnlyForDeploymentPostprocessing = 0;
		};
		792FD44B2091D17A00DC1462 /* Resources */ = {
			isa = PBXResourcesBuildPhase;
			buildActionMask = 2147483647;
			files = (
			);
			runOnlyForDeploymentPostprocessing = 0;
		};
/* End PBXResourcesBuildPhase section */

/* Begin PBXSourcesBuildPhase section */
		792FD4312091D17A00DC1462 /* Sources */ = {
			isa = PBXSourcesBuildPhase;
			buildActionMask = 2147483647;
			files = (
				792FD43D2091D17A00DC1462 /* ViewController.m in Sources */,
				792FD4482091D17A00DC1462 /* main.m in Sources */,
				792FD43A2091D17A00DC1462 /* AppDelegate.m in Sources */,
			);
			runOnlyForDeploymentPostprocessing = 0;
		};
		792FD4492091D17A00DC1462 /* Sources */ = {
			isa = PBXSourcesBuildPhase;
			buildActionMask = 2147483647;
			files = (
				792FD4522091D17A00DC1462 /* WebServiceSDKPart2Tests.m in Sources */,
			);
			runOnlyForDeploymentPostprocessing = 0;
		};
/* End PBXSourcesBuildPhase section */

/* Begin PBXTargetDependency section */
		792FD44F2091D17A00DC1462 /* PBXTargetDependency */ = {
			isa = PBXTargetDependency;
			target = 792FD4342091D17A00DC1462 /* WebServiceSDKPart2 */;
			targetProxy = 792FD44E2091D17A00DC1462 /* PBXContainerItemProxy */;
		};
/* End PBXTargetDependency section */

/* Begin PBXVariantGroup section */
		792FD43E2091D17A00DC1462 /* Main.storyboard */ = {
			isa = PBXVariantGroup;
			children = (
				792FD43F2091D17A00DC1462 /* Base */,
			);
			name = Main.storyboard;
			sourceTree = "<group>";
		};
		792FD4432091D17A00DC1462 /* LaunchScreen.storyboard */ = {
			isa = PBXVariantGroup;
			children = (
				792FD4442091D17A00DC1462 /* Base */,
			);
			name = LaunchScreen.storyboard;
			sourceTree = "<group>";
		};
/* End PBXVariantGroup section */

/* Begin XCBuildConfiguration section */
		792FD4542091D17A00DC1462 /* Debug */ = {
			isa = XCBuildConfiguration;
			buildSettings = {
				ALWAYS_SEARCH_USER_PATHS = NO;
				CLANG_ANALYZER_NONNULL = YES;
				CLANG_ANALYZER_NUMBER_OBJECT_CONVERSION = YES_AGGRESSIVE;
				CLANG_CXX_LANGUAGE_STANDARD = "gnu++14";
				CLANG_CXX_LIBRARY = "libc++";
				CLANG_ENABLE_MODULES = YES;
				CLANG_ENABLE_OBJC_ARC = YES;
				CLANG_WARN_BLOCK_CAPTURE_AUTORELEASING = YES;
				CLANG_WARN_BOOL_CONVERSION = YES;
				CLANG_WARN_COMMA = YES;
				CLANG_WARN_CONSTANT_CONVERSION = YES;
				CLANG_WARN_DIRECT_OBJC_ISA_USAGE = YES_ERROR;
				CLANG_WARN_DOCUMENTATION_COMMENTS = YES;
				CLANG_WARN_EMPTY_BODY = YES;
				CLANG_WARN_ENUM_CONVERSION = YES;
				CLANG_WARN_INFINITE_RECURSION = YES;
				CLANG_WARN_INT_CONVERSION = YES;
				CLANG_WARN_NON_LITERAL_NULL_CONVERSION = YES;
				CLANG_WARN_OBJC_LITERAL_CONVERSION = YES;
				CLANG_WARN_OBJC_ROOT_CLASS = YES_ERROR;
				CLANG_WARN_RANGE_LOOP_ANALYSIS = YES;
				CLANG_WARN_STRICT_PROTOTYPES = YES;
				CLANG_WARN_SUSPICIOUS_MOVE = YES;
				CLANG_WARN_UNGUARDED_AVAILABILITY = YES_AGGRESSIVE;
				CLANG_WARN_UNREACHABLE_CODE = YES;
				CLANG_WARN__DUPLICATE_METHOD_MATCH = YES;
				CODE_SIGN_IDENTITY = "iPhone Developer";
				COPY_PHASE_STRIP = NO;
				DEBUG_INFORMATION_FORMAT = dwarf;
				ENABLE_STRICT_OBJC_MSGSEND = YES;
				ENABLE_TESTABILITY = YES;
				GCC_C_LANGUAGE_STANDARD = gnu11;
				GCC_DYNAMIC_NO_PIC = NO;
				GCC_NO_COMMON_BLOCKS = YES;
				GCC_OPTIMIZATION_LEVEL = 0;
				GCC_PREPROCESSOR_DEFINITIONS = (
					"DEBUG=1",
					"$(inherited)",
				);
				GCC_WARN_64_TO_32_BIT_CONVERSION = YES;
				GCC_WARN_ABOUT_RETURN_TYPE = YES_ERROR;
				GCC_WARN_UNDECLARED_SELECTOR = YES;
				GCC_WARN_UNINITIALIZED_AUTOS = YES_AGGRESSIVE;
				GCC_WARN_UNUSED_FUNCTION = YES;
				GCC_WARN_UNUSED_VARIABLE = YES;
				IPHONEOS_DEPLOYMENT_TARGET = 11.2;
				MTL_ENABLE_DEBUG_INFO = YES;
				ONLY_ACTIVE_ARCH = YES;
				SDKROOT = iphoneos;
			};
			name = Debug;
		};
		792FD4552091D17A00DC1462 /* Release */ = {
			isa = XCBuildConfiguration;
			buildSettings = {
				ALWAYS_SEARCH_USER_PATHS = NO;
				CLANG_ANALYZER_NONNULL = YES;
				CLANG_ANALYZER_NUMBER_OBJECT_CONVERSION = YES_AGGRESSIVE;
				CLANG_CXX_LANGUAGE_STANDARD = "gnu++14";
				CLANG_CXX_LIBRARY = "libc++";
				CLANG_ENABLE_MODULES = YES;
				CLANG_ENABLE_OBJC_ARC = YES;
				CLANG_WARN_BLOCK_CAPTURE_AUTORELEASING = YES;
				CLANG_WARN_BOOL_CONVERSION = YES;
				CLANG_WARN_COMMA = YES;
				CLANG_WARN_CONSTANT_CONVERSION = YES;
				CLANG_WARN_DIRECT_OBJC_ISA_USAGE = YES_ERROR;
				CLANG_WARN_DOCUMENTATION_COMMENTS = YES;
				CLANG_WARN_EMPTY_BODY = YES;
				CLANG_WARN_ENUM_CONVERSION = YES;
				CLANG_WARN_INFINITE_RECURSION = YES;
				CLANG_WARN_INT_CONVERSION = YES;
				CLANG_WARN_NON_LITERAL_NULL_CONVERSION = YES;
				CLANG_WARN_OBJC_LITERAL_CONVERSION = YES;
				CLANG_WARN_OBJC_ROOT_CLASS = YES_ERROR;
				CLANG_WARN_RANGE_LOOP_ANALYSIS = YES;
				CLANG_WARN_STRICT_PROTOTYPES = YES;
				CLANG_WARN_SUSPICIOUS_MOVE = YES;
				CLANG_WARN_UNGUARDED_AVAILABILITY = YES_AGGRESSIVE;
				CLANG_WARN_UNREACHABLE_CODE = YES;
				CLANG_WARN__DUPLICATE_METHOD_MATCH = YES;
				CODE_SIGN_IDENTITY = "iPhone Developer";
				COPY_PHASE_STRIP = NO;
				DEBUG_INFORMATION_FORMAT = "dwarf-with-dsym";
				ENABLE_NS_ASSERTIONS = NO;
				ENABLE_STRICT_OBJC_MSGSEND = YES;
				GCC_C_LANGUAGE_STANDARD = gnu11;
				GCC_NO_COMMON_BLOCKS = YES;
				GCC_WARN_64_TO_32_BIT_CONVERSION = YES;
				GCC_WARN_ABOUT_RETURN_TYPE = YES_ERROR;
				GCC_WARN_UNDECLARED_SELECTOR = YES;
				GCC_WARN_UNINITIALIZED_AUTOS = YES_AGGRESSIVE;
				GCC_WARN_UNUSED_FUNCTION = YES;
				GCC_WARN_UNUSED_VARIABLE = YES;
				IPHONEOS_DEPLOYMENT_TARGET = 11.2;
				MTL_ENABLE_DEBUG_INFO = NO;
				SDKROOT = iphoneos;
				VALIDATE_PRODUCT = YES;
			};
			name = Release;
		};
		792FD4572091D17A00DC1462 /* Debug */ = {
			isa = XCBuildConfiguration;
			buildSettings = {
				ASSETCATALOG_COMPILER_APPICON_NAME = AppIcon;
				CODE_SIGN_STYLE = Automatic;
				DEVELOPMENT_TEAM = 6VGZ364YLD;
				INFOPLIST_FILE = WebServiceSDKPart2/Info.plist;
				LD_RUNPATH_SEARCH_PATHS = "$(inherited) @executable_path/Frameworks";
				PRODUCT_BUNDLE_IDENTIFIER = LostRFound.WebServiceSDKPart2;
				PRODUCT_NAME = "$(TARGET_NAME)";
				TARGETED_DEVICE_FAMILY = "1,2";
			};
			name = Debug;
		};
		792FD4582091D17A00DC1462 /* Release */ = {
			isa = XCBuildConfiguration;
			buildSettings = {
				ASSETCATALOG_COMPILER_APPICON_NAME = AppIcon;
				CODE_SIGN_STYLE = Automatic;
				DEVELOPMENT_TEAM = 6VGZ364YLD;
				INFOPLIST_FILE = WebServiceSDKPart2/Info.plist;
				LD_RUNPATH_SEARCH_PATHS = "$(inherited) @executable_path/Frameworks";
				PRODUCT_BUNDLE_IDENTIFIER = LostRFound.WebServiceSDKPart2;
				PRODUCT_NAME = "$(TARGET_NAME)";
				TARGETED_DEVICE_FAMILY = "1,2";
			};
			name = Release;
		};
		792FD45A2091D17A00DC1462 /* Debug */ = {
			isa = XCBuildConfiguration;
			buildSettings = {
				BUNDLE_LOADER = "$(TEST_HOST)";
				CODE_SIGN_STYLE = Automatic;
				DEVELOPMENT_TEAM = 6VGZ364YLD;
				INFOPLIST_FILE = WebServiceSDKPart2Tests/Info.plist;
				LD_RUNPATH_SEARCH_PATHS = "$(inherited) @executable_path/Frameworks @loader_path/Frameworks";
				PRODUCT_BUNDLE_IDENTIFIER = LostRFound.WebServiceSDKPart2Tests;
				PRODUCT_NAME = "$(TARGET_NAME)";
				TARGETED_DEVICE_FAMILY = "1,2";
				TEST_HOST = "$(BUILT_PRODUCTS_DIR)/WebServiceSDKPart2.app/WebServiceSDKPart2";
			};
			name = Debug;
		};
		792FD45B2091D17A00DC1462 /* Release */ = {
			isa = XCBuildConfiguration;
			buildSettings = {
				BUNDLE_LOADER = "$(TEST_HOST)";
				CODE_SIGN_STYLE = Automatic;
				DEVELOPMENT_TEAM = 6VGZ364YLD;
				INFOPLIST_FILE = WebServiceSDKPart2Tests/Info.plist;
				LD_RUNPATH_SEARCH_PATHS = "$(inherited) @executable_path/Frameworks @loader_path/Frameworks";
				PRODUCT_BUNDLE_IDENTIFIER = LostRFound.WebServiceSDKPart2Tests;
				PRODUCT_NAME = "$(TARGET_NAME)";
				TARGETED_DEVICE_FAMILY = "1,2";
				TEST_HOST = "$(BUILT_PRODUCTS_DIR)/WebServiceSDKPart2.app/WebServiceSDKPart2";
			};
			name = Release;
		};
/* End XCBuildConfiguration section */

/* Begin XCConfigurationList section */
		792FD4302091D17A00DC1462 /* Build configuration list for PBXProject "WebServiceSDKPart2" */ = {
			isa = XCConfigurationList;
			buildConfigurations = (
				792FD4542091D17A00DC1462 /* Debug */,
				792FD4552091D17A00DC1462 /* Release */,
			);
			defaultConfigurationIsVisible = 0;
			defaultConfigurationName = Release;
		};
		792FD4562091D17A00DC1462 /* Build configuration list for PBXNativeTarget "WebServiceSDKPart2" */ = {
			isa = XCConfigurationList;
			buildConfigurations = (
				792FD4572091D17A00DC1462 /* Debug */,
				792FD4582091D17A00DC1462 /* Release */,
			);
			defaultConfigurationIsVisible = 0;
			defaultConfigurationName = Release;
		};
		792FD4592091D17A00DC1462 /* Build configuration list for PBXNativeTarget "WebServiceSDKPart2Tests" */ = {
			isa = XCConfigurationList;
			buildConfigurations = (
				792FD45A2091D17A00DC1462 /* Debug */,
				792FD45B2091D17A00DC1462 /* Release */,
			);
			defaultConfigurationIsVisible = 0;
			defaultConfigurationName = Release;
		};
/* End XCConfigurationList section */
	};
	rootObject = 792FD42D2091D17A00DC1462 /* Project object */;
}
